
Microsoft Visual Studio Solution File, Format Version 12.00
# Visual Studio Version 17
VisualStudioVersion = 17.14.36915.13 d17.14
MinimumVisualStudioVersion = 10.0.40219.1
Project("{FAE04EC0-301F-11D3-BF4B-00C04F79EFBC}") = "StringLibrary", "StringLibrary\StringLibrary.csproj", "{863159FD-0640-445D-B13F-38E2A31A2108}"
EndProject
Global
	GlobalSection(SolutionConfigurationPlatforms) = preSolution
		Debug|Any CPU = Debug|Any CPU
		Release|Any CPU = Release|Any CPU
	EndGlobalSection
	GlobalSection(ProjectConfigurationPlatforms) = postSolution
		{863159FD-0640-445D-B13F-38E2A31A2108}.Debug|Any CPU.ActiveCfg = Debug|Any CPU
		{863159FD-0640-445D-B13F-38E2A31A2108}.Debug|Any CPU.Build.0 = Debug|Any CPU
		{863159FD-0640-445D-B13F-38E2A31A2108}.Release|Any CPU.ActiveCfg = Release|Any CPU
		{863159FD-0640-445D-B13F-38E2A31A2108}.Release|Any CPU.Build.0 = Release|Any CPU
	EndGlobalSection
	GlobalSection(SolutionProperties) = preSolution
		HideSolutionNode = FALSE
	EndGlobalSection
	GlobalSection(ExtensibilityGlobals) = postSolution
		SolutionGuid = {33AAA826-633D-4F46-B4A5-6F4A5028DEB2}
	EndGlobalSection
EndGlobal
